
Microsoft Visual Studio Solution File, Format Version 12.00
# Visual Studio Express 14 for Windows Desktop
VisualStudioVersion = 14.0.23107.0
MinimumVisualStudioVersion = 10.0.40219.1
Project("{FAE04EC0-301F-11D3-BF4B-00C04F79EFBC}") = "AGSE-Manager", "AGSE-Manager\AGSE-Manager.csproj", "{450B8F4D-6197-46CA-9A1F-3DE845C2849C}"
EndProject
Global
	GlobalSection(SolutionConfigurationPlatforms) = preSolution
		Debug|Any CPU = Debug|Any CPU
		Release|Any CPU = Release|Any CPU
	EndGlobalSection
	GlobalSection(ProjectConfigurationPlatforms) = postSolution
		{450B8F4D-6197-46CA-9A1F-3DE845C2849C}.Debug|Any CPU.ActiveCfg = Debug|Any CPU
		{450B8F4D-6197-46CA-9A1F-3DE845C2849C}.Debug|Any CPU.Build.0 = Debug|Any CPU
		{450B8F4D-6197-46CA-9A1F-3DE845C2849C}.Release|Any CPU.ActiveCfg = Release|Any CPU
		{450B8F4D-6197-46CA-9A1F-3DE845C2849C}.Release|Any CPU.Build.0 = Release|Any CPU
	EndGlobalSection
	GlobalSection(SolutionProperties) = preSolution
		HideSolutionNode = FALSE
	EndGlobalSection
EndGlobal
